
Microsoft Visual Studio Solution File, Format Version 12.00
# Visual Studio Version 17
VisualStudioVersion = 17.8.34525.116
MinimumVisualStudioVersion = 10.0.40219.1
Project("{FAE04EC0-301F-11D3-BF4B-00C04F79EFBC}") = "MauiAppMeuCombustivel", "MauiAppMeuCombustivel\MauiAppMeuCombustivel.csproj", "{15CEEF9A-87D5-4432-93A2-6820F500873D}"
EndProject
Global
	GlobalSection(SolutionConfigurationPlatforms) = preSolution
		Debug|Any CPU = Debug|Any CPU
		Release|Any CPU = Release|Any CPU
	EndGlobalSection
	GlobalSection(ProjectConfigurationPlatforms) = postSolution
		{15CEEF9A-87D5-4432-93A2-6820F500873D}.Debug|Any CPU.ActiveCfg = Debug|Any CPU
		{15CEEF9A-87D5-4432-93A2-6820F500873D}.Debug|Any CPU.Build.0 = Debug|Any CPU
		{15CEEF9A-87D5-4432-93A2-6820F500873D}.Debug|Any CPU.Deploy.0 = Debug|Any CPU
		{15CEEF9A-87D5-4432-93A2-6820F500873D}.Release|Any CPU.ActiveCfg = Release|Any CPU
		{15CEEF9A-87D5-4432-93A2-6820F500873D}.Release|Any CPU.Build.0 = Release|Any CPU
		{15CEEF9A-87D5-4432-93A2-6820F500873D}.Release|Any CPU.Deploy.0 = Release|Any CPU
	EndGlobalSection
	GlobalSection(SolutionProperties) = preSolution
		HideSolutionNode = FALSE
	EndGlobalSection
	GlobalSection(ExtensibilityGlobals) = postSolution
		SolutionGuid = {5879767E-5A9F-4E3F-931B-D7BD35CDAE92}
	EndGlobalSection
EndGlobal
